
Microsoft Visual Studio Solution File, Format Version 10.00
# Visual Studio 2008
Project("{FAE04EC0-301F-11D3-BF4B-00C04F79EFBC}") = "432报警器信息修改", "432报警器信息修改\432报警器信息修改.csproj", "{0FAE0CCA-F3B4-44F2-9DCB-F613371CC8BA}"
EndProject
Global
	GlobalSection(SolutionConfigurationPlatforms) = preSolution
		Debug|Any CPU = Debug|Any CPU
		Release|Any CPU = Release|Any CPU
	EndGlobalSection
	GlobalSection(ProjectConfigurationPlatforms) = postSolution
		{0FAE0CCA-F3B4-44F2-9DCB-F613371CC8BA}.Debug|Any CPU.ActiveCfg = Debug|Any CPU
		{0FAE0CCA-F3B4-44F2-9DCB-F613371CC8BA}.Debug|Any CPU.Build.0 = Debug|Any CPU
		{0FAE0CCA-F3B4-44F2-9DCB-F613371CC8BA}.Release|Any CPU.ActiveCfg = Release|Any CPU
		{0FAE0CCA-F3B4-44F2-9DCB-F613371CC8BA}.Release|Any CPU.Build.0 = Release|Any CPU
	EndGlobalSection
	GlobalSection(SolutionProperties) = preSolution
		HideSolutionNode = FALSE
	EndGlobalSection
EndGlobal
